
Microsoft Visual Studio Solution File, Format Version 12.00
# Visual Studio 15
VisualStudioVersion = 15.0.28307.271
MinimumVisualStudioVersion = 10.0.40219.1
Project("{FAE04EC0-301F-11D3-BF4B-00C04F79EFBC}") = "ZplPrinter", "ZplPrinter\ZplPrinter.csproj", "{2A5CA8AA-5AAA-47C4-94E9-D69F36BAB427}"
EndProject
Global
	GlobalSection(SolutionConfigurationPlatforms) = preSolution
		Debug|Any CPU = Debug|Any CPU
		Release|Any CPU = Release|Any CPU
	EndGlobalSection
	GlobalSection(ProjectConfigurationPlatforms) = postSolution
		{2A5CA8AA-5AAA-47C4-94E9-D69F36BAB427}.Debug|Any CPU.ActiveCfg = Debug|Any CPU
		{2A5CA8AA-5AAA-47C4-94E9-D69F36BAB427}.Debug|Any CPU.Build.0 = Debug|Any CPU
		{2A5CA8AA-5AAA-47C4-94E9-D69F36BAB427}.Release|Any CPU.ActiveCfg = Release|Any CPU
		{2A5CA8AA-5AAA-47C4-94E9-D69F36BAB427}.Release|Any CPU.Build.0 = Release|Any CPU
	EndGlobalSection
	GlobalSection(SolutionProperties) = preSolution
		HideSolutionNode = FALSE
	EndGlobalSection
	GlobalSection(ExtensibilityGlobals) = postSolution
		SolutionGuid = {80FC17D1-0CF1-4247-AD14-21B11B7BBC47}
	EndGlobalSection
EndGlobal
